hash: c275f9067bfc871e3b4a0a900eb9acf1471b73ea8a9c817090baf985580976cc
updated: 2017-01-12T14:43:49.724985556-08:00
imports:
- name: code.cloudfoundry.org/workpool
  version: 24756b8d25e8a6a601284a5900005c8bfdcaa766
- name: github.com/aws/aws-sdk-go
  version: 63ce630574a5ec05ecd8e8de5cea16332a5a684d
  subpackages:
  - service/s3
- name: github.com/cheggaaa/pb
  version: d7e6ca3010b6f084d8056847f55d7f572f180678
- name: github.com/mattn/go-runewidth
  version: d6bea18f789704b5f83375793155289da36a3c7f
- name: github.com/op/go-logging
  version: 970db520ece77730c7e4724c61121037378659d9
- name: github.com/urfave/cli
  version: 0bdeddeeb0f650497d603c4ad7b20cfe685682f6
- name: github.com/xchapter7x/lo
  version: e33b245fc7a8186582208abc2458c2691bff681c
- name: golang.org/x/net
  version: 07b51741c1d6423d4a6abab1c49940ec09cb1aaf
  subpackages:
  - context
- name: golang.org/x/sync
  version: 450f422ab23cf9881c94e2db30cac0eb1b7cf80c
testImports:
- name: github.com/onsi/ginkgo
  version: ""
- name: github.com/onsi/gomega
  version: ""
